
Microsoft Visual Studio Solution File, Format Version 12.00
# Visual Studio Version 16
VisualStudioVersion = 16.0.29324.140
MinimumVisualStudioVersion = 10.0.40219.1
Project("{2150E333-8FDC-42A3-9474-1A3956D46DE8}") = "OCore", "OCore", "{54EAAA31-E254-4CEC-98F8-64E90ECD1087}"
EndProject
Project("{9A19103F-16F7-4668-BE54-9A1E7A4F7556}") = "Zoo", "..\Zoo\Zoo.csproj", "{FF73FCED-1931-48C5-934F-A680FDBC0FA0}"
EndProject
Project("{9A19103F-16F7-4668-BE54-9A1E7A4F7556}") = "Zoo.Interfaces", "..\Zoo.Interfaces\Zoo.Interfaces.csproj", "{CA28D6DC-000B-4F94-AC56-0397D929428E}"
EndProject
Project("{9A19103F-16F7-4668-BE54-9A1E7A4F7556}") = "OCore.Setup", "..\..\..\OCore\OCore.Setup\OCore.Setup.csproj", "{1313D6F2-5941-453D-8FF1-C58ADBE736BE}"
EndProject
Project("{9A19103F-16F7-4668-BE54-9A1E7A4F7556}") = "Zoo.Frontend", "..\Zoo.Frontend\Zoo.Frontend.csproj", "{97DC3886-8256-4884-85D9-2C56C652C309}"
EndProject
Project("{9A19103F-16F7-4668-BE54-9A1E7A4F7556}") = "OCore.Authorization", "..\..\..\OCore\OCore.Authorization\OCore.Authorization.csproj", "{53F04DEC-43D7-4EE1-9534-961FE8291336}"
EndProject
Project("{9A19103F-16F7-4668-BE54-9A1E7A4F7556}") = "OCore.Entities.Data", "..\..\..\OCore\OCore.Entities.Data\OCore.Entities.Data.csproj", "{178D82A0-E636-4D34-9435-2568F3E586CE}"
EndProject
Project("{9A19103F-16F7-4668-BE54-9A1E7A4F7556}") = "OCore.Services", "..\..\..\OCore\OCore.Services\OCore.Services.csproj", "{4A8A3235-BE54-49C7-963B-80CDF69B3E4C}"
EndProject
Project("{9A19103F-16F7-4668-BE54-9A1E7A4F7556}") = "OCore.ServiceClient.Http", "..\..\..\OCore\OCore.ServiceClient.Http\OCore.ServiceClient.Http.csproj", "{F016B940-DD3C-4567-B082-31FF9C374308}"
EndProject
Project("{9A19103F-16F7-4668-BE54-9A1E7A4F7556}") = "OCore.Core", "..\..\..\OCore\OCore.Core\OCore.Core.csproj", "{969FC085-080D-4C05-B2B0-6A0BC0D8D262}"
EndProject
Project("{9A19103F-16F7-4668-BE54-9A1E7A4F7556}") = "OCore.Entities.Data.Http", "..\..\..\OCore\OCore.Entities.Data.Http\OCore.Entities.Data.Http.csproj", "{6D097372-3412-4470-AEDA-4C52A76DC03D}"
EndProject
Project("{9A19103F-16F7-4668-BE54-9A1E7A4F7556}") = "OCore.Http.OpenApi", "..\..\..\OCore\OCore.Http.OpenApi\OCore.Http.OpenApi.csproj", "{98591C96-C92A-47D0-B7DA-90B81EE8CC84}"
EndProject
Project("{9A19103F-16F7-4668-BE54-9A1E7A4F7556}") = "OCore.Http", "..\..\..\OCore\OCore.Http\OCore.Http.csproj", "{644488D5-56A1-4F05-89C3-815D30F7911B}"
EndProject
Project("{9A19103F-16F7-4668-BE54-9A1E7A4F7556}") = "OCore.Services.Http", "..\..\..\OCore\OCore.Services.Http\OCore.Services.Http.csproj", "{2BB561DD-A190-419A-9463-250677C99C91}"
EndProject
Project("{9A19103F-16F7-4668-BE54-9A1E7A4F7556}") = "OCore.Http.Abstractions", "..\..\..\OCore\OCore.Http.Abstractions\OCore.Http.Abstractions.csproj", "{103BB482-9943-4DB5-8139-A89D485981CA}"
EndProject
Project("{9A19103F-16F7-4668-BE54-9A1E7A4F7556}") = "OCore.Events", "..\..\..\OCore\OCore.Events\OCore.Events.csproj", "{A967CC46-79B9-4688-A2C9-0FAA8E99B3D6}"
EndProject
Global
	GlobalSection(SolutionConfigurationPlatforms) = preSolution
		Debug|Any CPU = Debug|Any CPU
		Release|Any CPU = Release|Any CPU
	EndGlobalSection
	GlobalSection(ProjectConfigurationPlatforms) = postSolution
		{FF73FCED-1931-48C5-934F-A680FDBC0FA0}.Debug|Any CPU.ActiveCfg = Debug|Any CPU
		{FF73FCED-1931-48C5-934F-A680FDBC0FA0}.Debug|Any CPU.Build.0 = Debug|Any CPU
		{FF73FCED-1931-48C5-934F-A680FDBC0FA0}.Release|Any CPU.ActiveCfg = Release|Any CPU
		{FF73FCED-1931-48C5-934F-A680FDBC0FA0}.Release|Any CPU.Build.0 = Release|Any CPU
		{CA28D6DC-000B-4F94-AC56-0397D929428E}.Debug|Any CPU.ActiveCfg = Debug|Any CPU
		{CA28D6DC-000B-4F94-AC56-0397D929428E}.Debug|Any CPU.Build.0 = Debug|Any CPU
		{CA28D6DC-000B-4F94-AC56-0397D929428E}.Release|Any CPU.ActiveCfg = Release|Any CPU
		{CA28D6DC-000B-4F94-AC56-0397D929428E}.Release|Any CPU.Build.0 = Release|Any CPU
		{1313D6F2-5941-453D-8FF1-C58ADBE736BE}.Debug|Any CPU.ActiveCfg = Debug|Any CPU
		{1313D6F2-5941-453D-8FF1-C58ADBE736BE}.Debug|Any CPU.Build.0 = Debug|Any CPU
		{1313D6F2-5941-453D-8FF1-C58ADBE736BE}.Release|Any CPU.ActiveCfg = Release|Any CPU
		{1313D6F2-5941-453D-8FF1-C58ADBE736BE}.Release|Any CPU.Build.0 = Release|Any CPU
		{97DC3886-8256-4884-85D9-2C56C652C309}.Debug|Any CPU.ActiveCfg = Debug|Any CPU
		{97DC3886-8256-4884-85D9-2C56C652C309}.Debug|Any CPU.Build.0 = Debug|Any CPU
		{97DC3886-8256-4884-85D9-2C56C652C309}.Release|Any CPU.ActiveCfg = Release|Any CPU
		{97DC3886-8256-4884-85D9-2C56C652C309}.Release|Any CPU.Build.0 = Release|Any CPU
		{53F04DEC-43D7-4EE1-9534-961FE8291336}.Debug|Any CPU.ActiveCfg = Debug|Any CPU
		{53F04DEC-43D7-4EE1-9534-961FE8291336}.Debug|Any CPU.Build.0 = Debug|Any CPU
		{53F04DEC-43D7-4EE1-9534-961FE8291336}.Release|Any CPU.ActiveCfg = Release|Any CPU
		{53F04DEC-43D7-4EE1-9534-961FE8291336}.Release|Any CPU.Build.0 = Release|Any CPU
		{178D82A0-E636-4D34-9435-2568F3E586CE}.Debug|Any CPU.ActiveCfg = Debug|Any CPU
		{178D82A0-E636-4D34-9435-2568F3E586CE}.Debug|Any CPU.Build.0 = Debug|Any CPU
		{178D82A0-E636-4D34-9435-2568F3E586CE}.Release|Any CPU.ActiveCfg = Release|Any CPU
		{178D82A0-E636-4D34-9435-2568F3E586CE}.Release|Any CPU.Build.0 = Release|Any CPU
		{4A8A3235-BE54-49C7-963B-80CDF69B3E4C}.Debug|Any CPU.ActiveCfg = Debug|Any CPU
		{4A8A3235-BE54-49C7-963B-80CDF69B3E4C}.Debug|Any CPU.Build.0 = Debug|Any CPU
		{4A8A3235-BE54-49C7-963B-80CDF69B3E4C}.Release|Any CPU.ActiveCfg = Release|Any CPU
		{4A8A3235-BE54-49C7-963B-80CDF69B3E4C}.Release|Any CPU.Build.0 = Release|Any CPU
		{F016B940-DD3C-4567-B082-31FF9C374308}.Debug|Any CPU.ActiveCfg = Debug|Any CPU
		{F016B940-DD3C-4567-B082-31FF9C374308}.Debug|Any CPU.Build.0 = Debug|Any CPU
		{F016B940-DD3C-4567-B082-31FF9C374308}.Release|Any CPU.ActiveCfg = Release|Any CPU
		{F016B940-DD3C-4567-B082-31FF9C374308}.Release|Any CPU.Build.0 = Release|Any CPU
		{969FC085-080D-4C05-B2B0-6A0BC0D8D262}.Debug|Any CPU.ActiveCfg = Debug|Any CPU
		{969FC085-080D-4C05-B2B0-6A0BC0D8D262}.Debug|Any CPU.Build.0 = Debug|Any CPU
		{969FC085-080D-4C05-B2B0-6A0BC0D8D262}.Release|Any CPU.ActiveCfg = Release|Any CPU
		{969FC085-080D-4C05-B2B0-6A0BC0D8D262}.Release|Any CPU.Build.0 = Release|Any CPU
		{6D097372-3412-4470-AEDA-4C52A76DC03D}.Debug|Any CPU.ActiveCfg = Debug|Any CPU
		{6D097372-3412-4470-AEDA-4C52A76DC03D}.Debug|Any CPU.Build.0 = Debug|Any CPU
		{6D097372-3412-4470-AEDA-4C52A76DC03D}.Release|Any CPU.ActiveCfg = Release|Any CPU
		{6D097372-3412-4470-AEDA-4C52A76DC03D}.Release|Any CPU.Build.0 = Release|Any CPU
		{98591C96-C92A-47D0-B7DA-90B81EE8CC84}.Debug|Any CPU.ActiveCfg = Debug|Any CPU
		{98591C96-C92A-47D0-B7DA-90B81EE8CC84}.Debug|Any CPU.Build.0 = Debug|Any CPU
		{98591C96-C92A-47D0-B7DA-90B81EE8CC84}.Release|Any CPU.ActiveCfg = Release|Any CPU
		{98591C96-C92A-47D0-B7DA-90B81EE8CC84}.Release|Any CPU.Build.0 = Release|Any CPU
		{644488D5-56A1-4F05-89C3-815D30F7911B}.Debug|Any CPU.ActiveCfg = Debug|Any CPU
		{644488D5-56A1-4F05-89C3-815D30F7911B}.Debug|Any CPU.Build.0 = Debug|Any CPU
		{644488D5-56A1-4F05-89C3-815D30F7911B}.Release|Any CPU.ActiveCfg = Release|Any CPU
		{644488D5-56A1-4F05-89C3-815D30F7911B}.Release|Any CPU.Build.0 = Release|Any CPU
		{2BB561DD-A190-419A-9463-250677C99C91}.Debug|Any CPU.ActiveCfg = Debug|Any CPU
		{2BB561DD-A190-419A-9463-250677C99C91}.Debug|Any CPU.Build.0 = Debug|Any CPU
		{2BB561DD-A190-419A-9463-250677C99C91}.Release|Any CPU.ActiveCfg = Release|Any CPU
		{2BB561DD-A190-419A-9463-250677C99C91}.Release|Any CPU.Build.0 = Release|Any CPU
		{103BB482-9943-4DB5-8139-A89D485981CA}.Debug|Any CPU.ActiveCfg = Debug|Any CPU
		{103BB482-9943-4DB5-8139-A89D485981CA}.Debug|Any CPU.Build.0 = Debug|Any CPU
		{103BB482-9943-4DB5-8139-A89D485981CA}.Release|Any CPU.ActiveCfg = Release|Any CPU
		{103BB482-9943-4DB5-8139-A89D485981CA}.Release|Any CPU.Build.0 = Release|Any CPU
		{A967CC46-79B9-4688-A2C9-0FAA8E99B3D6}.Debug|Any CPU.ActiveCfg = Debug|Any CPU
		{A967CC46-79B9-4688-A2C9-0FAA8E99B3D6}.Debug|Any CPU.Build.0 = Debug|Any CPU
		{A967CC46-79B9-4688-A2C9-0FAA8E99B3D6}.Release|Any CPU.ActiveCfg = Release|Any CPU
		{A967CC46-79B9-4688-A2C9-0FAA8E99B3D6}.Release|Any CPU.Build.0 = Release|Any CPU
	EndGlobalSection
	GlobalSection(SolutionProperties) = preSolution
		HideSolutionNode = FALSE
	EndGlobalSection
	GlobalSection(NestedProjects) = preSolution
		{1313D6F2-5941-453D-8FF1-C58ADBE736BE} = {54EAAA31-E254-4CEC-98F8-64E90ECD1087}
		{53F04DEC-43D7-4EE1-9534-961FE8291336} = {54EAAA31-E254-4CEC-98F8-64E90ECD1087}
		{178D82A0-E636-4D34-9435-2568F3E586CE} = {54EAAA31-E254-4CEC-98F8-64E90ECD1087}
		{4A8A3235-BE54-49C7-963B-80CDF69B3E4C} = {54EAAA31-E254-4CEC-98F8-64E90ECD1087}
		{F016B940-DD3C-4567-B082-31FF9C374308} = {54EAAA31-E254-4CEC-98F8-64E90ECD1087}
		{969FC085-080D-4C05-B2B0-6A0BC0D8D262} = {54EAAA31-E254-4CEC-98F8-64E90ECD1087}
		{6D097372-3412-4470-AEDA-4C52A76DC03D} = {54EAAA31-E254-4CEC-98F8-64E90ECD1087}
		{98591C96-C92A-47D0-B7DA-90B81EE8CC84} = {54EAAA31-E254-4CEC-98F8-64E90ECD1087}
		{644488D5-56A1-4F05-89C3-815D30F7911B} = {54EAAA31-E254-4CEC-98F8-64E90ECD1087}
		{2BB561DD-A190-419A-9463-250677C99C91} = {54EAAA31-E254-4CEC-98F8-64E90ECD1087}
		{103BB482-9943-4DB5-8139-A89D485981CA} = {54EAAA31-E254-4CEC-98F8-64E90ECD1087}
		{A967CC46-79B9-4688-A2C9-0FAA8E99B3D6} = {54EAAA31-E254-4CEC-98F8-64E90ECD1087}
	EndGlobalSection
	GlobalSection(ExtensibilityGlobals) = postSolution
		SolutionGuid = {3AF72687-8262-4172-9409-2F9A09BA9C3E}
	EndGlobalSection
EndGlobal
