
Microsoft Visual Studio Solution File, Format Version 12.00
# Visual Studio Version 17
VisualStudioVersion = 17.2.32526.322
MinimumVisualStudioVersion = 10.0.40219.1
Project("{FAE04EC0-301F-11D3-BF4B-00C04F79EFBC}") = "OCore.Samples.Minimal.Host", "OCore.Samples.Minimal.Host\OCore.Samples.Minimal.Host.csproj", "{5BA3EC43-2852-4B8B-8F5F-B6B7939C0DA2}"
EndProject
Project("{2150E333-8FDC-42A3-9474-1A3956D46DE8}") = "OCore", "OCore", "{19E863D1-D6F5-4BDF-A95F-ABAF2D92F583}"
EndProject
Project("{9A19103F-16F7-4668-BE54-9A1E7A4F7556}") = "OCore.Core", "..\..\..\OCore\OCore.Core\OCore.Core.csproj", "{6DB089A7-485B-42BE-8606-A8843B7B9B15}"
EndProject
Project("{9A19103F-16F7-4668-BE54-9A1E7A4F7556}") = "OCore.Setup", "..\..\..\OCore\OCore.Setup\OCore.Setup.csproj", "{07C20CFE-341A-4B80-9F60-A6F818BCB5A3}"
EndProject
Project("{9A19103F-16F7-4668-BE54-9A1E7A4F7556}") = "OCore.Entities", "..\..\..\OCore\OCore.Entities\OCore.Entities.csproj", "{33F5C5D4-3034-448F-B004-FA131A0E573D}"
EndProject
Project("{9A19103F-16F7-4668-BE54-9A1E7A4F7556}") = "OCore.Services", "..\..\..\OCore\OCore.Services\OCore.Services.csproj", "{E07034E7-E100-4DBC-8659-DCFE6F29195D}"
EndProject
Project("{9A19103F-16F7-4668-BE54-9A1E7A4F7556}") = "OCore.Entities.Data", "..\..\..\OCore\OCore.Entities.Data\OCore.Entities.Data.csproj", "{E5DA4235-AD83-4E55-97F1-5D685C249541}"
EndProject
Project("{9A19103F-16F7-4668-BE54-9A1E7A4F7556}") = "OCore.Samples.Hello.World", "OCore.Samples.Hello.World\OCore.Samples.Hello.World.csproj", "{FC5A32F0-37B6-4B76-BF06-41DF3BF88D32}"
EndProject
Project("{9A19103F-16F7-4668-BE54-9A1E7A4F7556}") = "OCore.Services.Http", "..\..\..\OCore\OCore.Services.Http\OCore.Services.Http.csproj", "{24EA94AF-9423-44AA-AFCB-68B2124D790B}"
EndProject
Project("{9A19103F-16F7-4668-BE54-9A1E7A4F7556}") = "OCore.Diagnostics", "..\..\..\OCore\OCore.Diagnostics\OCore.Diagnostics.csproj", "{4BC4B4D7-8FDE-42C7-940C-DB188016C5E7}"
EndProject
Project("{9A19103F-16F7-4668-BE54-9A1E7A4F7556}") = "OCore.Http", "..\..\..\OCore\OCore.Http\OCore.Http.csproj", "{B89A26B4-0CCE-41A0-B144-7BFD06EDA3DE}"
EndProject
Project("{9A19103F-16F7-4668-BE54-9A1E7A4F7556}") = "OCore.Entities.Data.Http", "..\..\..\OCore\OCore.Entities.Data.Http\OCore.Entities.Data.Http.csproj", "{320C459D-7B4C-41B7-9292-6EA3F5B0BEEE}"
EndProject
Project("{9A19103F-16F7-4668-BE54-9A1E7A4F7556}") = "OCore.Http.OpenApi", "..\..\..\OCore\OCore.Http.OpenApi\OCore.Http.OpenApi.csproj", "{E8DCC884-956E-4D47-A445-AA030B7C4EC2}"
EndProject
Project("{9A19103F-16F7-4668-BE54-9A1E7A4F7556}") = "OCore.Authorization", "..\..\..\OCore\OCore.Authorization\OCore.Authorization.csproj", "{5E7DBA8A-C554-4530-9C5C-7FE27A77CF01}"
EndProject
Project("{FAE04EC0-301F-11D3-BF4B-00C04F79EFBC}") = "OCore.Samples.MinimalApi", "..\..\OCore.Samples.MinimalApi\OCore.Samples.MinimalApi.csproj", "{26F2610E-1871-4FE2-B56B-291E95143FCC}"
EndProject
Global
	GlobalSection(SolutionConfigurationPlatforms) = preSolution
		Debug|Any CPU = Debug|Any CPU
		Release|Any CPU = Release|Any CPU
	EndGlobalSection
	GlobalSection(ProjectConfigurationPlatforms) = postSolution
		{5BA3EC43-2852-4B8B-8F5F-B6B7939C0DA2}.Debug|Any CPU.ActiveCfg = Debug|Any CPU
		{5BA3EC43-2852-4B8B-8F5F-B6B7939C0DA2}.Debug|Any CPU.Build.0 = Debug|Any CPU
		{5BA3EC43-2852-4B8B-8F5F-B6B7939C0DA2}.Release|Any CPU.ActiveCfg = Release|Any CPU
		{5BA3EC43-2852-4B8B-8F5F-B6B7939C0DA2}.Release|Any CPU.Build.0 = Release|Any CPU
		{6DB089A7-485B-42BE-8606-A8843B7B9B15}.Debug|Any CPU.ActiveCfg = Debug|Any CPU
		{6DB089A7-485B-42BE-8606-A8843B7B9B15}.Debug|Any CPU.Build.0 = Debug|Any CPU
		{6DB089A7-485B-42BE-8606-A8843B7B9B15}.Release|Any CPU.ActiveCfg = Release|Any CPU
		{6DB089A7-485B-42BE-8606-A8843B7B9B15}.Release|Any CPU.Build.0 = Release|Any CPU
		{07C20CFE-341A-4B80-9F60-A6F818BCB5A3}.Debug|Any CPU.ActiveCfg = Debug|Any CPU
		{07C20CFE-341A-4B80-9F60-A6F818BCB5A3}.Debug|Any CPU.Build.0 = Debug|Any CPU
		{07C20CFE-341A-4B80-9F60-A6F818BCB5A3}.Release|Any CPU.ActiveCfg = Release|Any CPU
		{07C20CFE-341A-4B80-9F60-A6F818BCB5A3}.Release|Any CPU.Build.0 = Release|Any CPU
		{33F5C5D4-3034-448F-B004-FA131A0E573D}.Debug|Any CPU.ActiveCfg = Debug|Any CPU
		{33F5C5D4-3034-448F-B004-FA131A0E573D}.Debug|Any CPU.Build.0 = Debug|Any CPU
		{33F5C5D4-3034-448F-B004-FA131A0E573D}.Release|Any CPU.ActiveCfg = Release|Any CPU
		{33F5C5D4-3034-448F-B004-FA131A0E573D}.Release|Any CPU.Build.0 = Release|Any CPU
		{E07034E7-E100-4DBC-8659-DCFE6F29195D}.Debug|Any CPU.ActiveCfg = Debug|Any CPU
		{E07034E7-E100-4DBC-8659-DCFE6F29195D}.Debug|Any CPU.Build.0 = Debug|Any CPU
		{E07034E7-E100-4DBC-8659-DCFE6F29195D}.Release|Any CPU.ActiveCfg = Release|Any CPU
		{E07034E7-E100-4DBC-8659-DCFE6F29195D}.Release|Any CPU.Build.0 = Release|Any CPU
		{E5DA4235-AD83-4E55-97F1-5D685C249541}.Debug|Any CPU.ActiveCfg = Debug|Any CPU
		{E5DA4235-AD83-4E55-97F1-5D685C249541}.Debug|Any CPU.Build.0 = Debug|Any CPU
		{E5DA4235-AD83-4E55-97F1-5D685C249541}.Release|Any CPU.ActiveCfg = Release|Any CPU
		{E5DA4235-AD83-4E55-97F1-5D685C249541}.Release|Any CPU.Build.0 = Release|Any CPU
		{FC5A32F0-37B6-4B76-BF06-41DF3BF88D32}.Debug|Any CPU.ActiveCfg = Debug|Any CPU
		{FC5A32F0-37B6-4B76-BF06-41DF3BF88D32}.Debug|Any CPU.Build.0 = Debug|Any CPU
		{FC5A32F0-37B6-4B76-BF06-41DF3BF88D32}.Release|Any CPU.ActiveCfg = Release|Any CPU
		{FC5A32F0-37B6-4B76-BF06-41DF3BF88D32}.Release|Any CPU.Build.0 = Release|Any CPU
		{24EA94AF-9423-44AA-AFCB-68B2124D790B}.Debug|Any CPU.ActiveCfg = Debug|Any CPU
		{24EA94AF-9423-44AA-AFCB-68B2124D790B}.Debug|Any CPU.Build.0 = Debug|Any CPU
		{24EA94AF-9423-44AA-AFCB-68B2124D790B}.Release|Any CPU.ActiveCfg = Release|Any CPU
		{24EA94AF-9423-44AA-AFCB-68B2124D790B}.Release|Any CPU.Build.0 = Release|Any CPU
		{4BC4B4D7-8FDE-42C7-940C-DB188016C5E7}.Debug|Any CPU.ActiveCfg = Debug|Any CPU
		{4BC4B4D7-8FDE-42C7-940C-DB188016C5E7}.Debug|Any CPU.Build.0 = Debug|Any CPU
		{4BC4B4D7-8FDE-42C7-940C-DB188016C5E7}.Release|Any CPU.ActiveCfg = Release|Any CPU
		{4BC4B4D7-8FDE-42C7-940C-DB188016C5E7}.Release|Any CPU.Build.0 = Release|Any CPU
		{B89A26B4-0CCE-41A0-B144-7BFD06EDA3DE}.Debug|Any CPU.ActiveCfg = Debug|Any CPU
		{B89A26B4-0CCE-41A0-B144-7BFD06EDA3DE}.Debug|Any CPU.Build.0 = Debug|Any CPU
		{B89A26B4-0CCE-41A0-B144-7BFD06EDA3DE}.Release|Any CPU.ActiveCfg = Release|Any CPU
		{B89A26B4-0CCE-41A0-B144-7BFD06EDA3DE}.Release|Any CPU.Build.0 = Release|Any CPU
		{320C459D-7B4C-41B7-9292-6EA3F5B0BEEE}.Debug|Any CPU.ActiveCfg = Debug|Any CPU
		{320C459D-7B4C-41B7-9292-6EA3F5B0BEEE}.Debug|Any CPU.Build.0 = Debug|Any CPU
		{320C459D-7B4C-41B7-9292-6EA3F5B0BEEE}.Release|Any CPU.ActiveCfg = Release|Any CPU
		{320C459D-7B4C-41B7-9292-6EA3F5B0BEEE}.Release|Any CPU.Build.0 = Release|Any CPU
		{E8DCC884-956E-4D47-A445-AA030B7C4EC2}.Debug|Any CPU.ActiveCfg = Debug|Any CPU
		{E8DCC884-956E-4D47-A445-AA030B7C4EC2}.Debug|Any CPU.Build.0 = Debug|Any CPU
		{E8DCC884-956E-4D47-A445-AA030B7C4EC2}.Release|Any CPU.ActiveCfg = Release|Any CPU
		{E8DCC884-956E-4D47-A445-AA030B7C4EC2}.Release|Any CPU.Build.0 = Release|Any CPU
		{5E7DBA8A-C554-4530-9C5C-7FE27A77CF01}.Debug|Any CPU.ActiveCfg = Debug|Any CPU
		{5E7DBA8A-C554-4530-9C5C-7FE27A77CF01}.Debug|Any CPU.Build.0 = Debug|Any CPU
		{5E7DBA8A-C554-4530-9C5C-7FE27A77CF01}.Release|Any CPU.ActiveCfg = Release|Any CPU
		{5E7DBA8A-C554-4530-9C5C-7FE27A77CF01}.Release|Any CPU.Build.0 = Release|Any CPU
		{26F2610E-1871-4FE2-B56B-291E95143FCC}.Debug|Any CPU.ActiveCfg = Debug|Any CPU
		{26F2610E-1871-4FE2-B56B-291E95143FCC}.Debug|Any CPU.Build.0 = Debug|Any CPU
		{26F2610E-1871-4FE2-B56B-291E95143FCC}.Release|Any CPU.ActiveCfg = Release|Any CPU
		{26F2610E-1871-4FE2-B56B-291E95143FCC}.Release|Any CPU.Build.0 = Release|Any CPU
	EndGlobalSection
	GlobalSection(SolutionProperties) = preSolution
		HideSolutionNode = FALSE
	EndGlobalSection
	GlobalSection(NestedProjects) = preSolution
		{6DB089A7-485B-42BE-8606-A8843B7B9B15} = {19E863D1-D6F5-4BDF-A95F-ABAF2D92F583}
		{07C20CFE-341A-4B80-9F60-A6F818BCB5A3} = {19E863D1-D6F5-4BDF-A95F-ABAF2D92F583}
		{33F5C5D4-3034-448F-B004-FA131A0E573D} = {19E863D1-D6F5-4BDF-A95F-ABAF2D92F583}
		{E07034E7-E100-4DBC-8659-DCFE6F29195D} = {19E863D1-D6F5-4BDF-A95F-ABAF2D92F583}
		{E5DA4235-AD83-4E55-97F1-5D685C249541} = {19E863D1-D6F5-4BDF-A95F-ABAF2D92F583}
		{24EA94AF-9423-44AA-AFCB-68B2124D790B} = {19E863D1-D6F5-4BDF-A95F-ABAF2D92F583}
		{4BC4B4D7-8FDE-42C7-940C-DB188016C5E7} = {19E863D1-D6F5-4BDF-A95F-ABAF2D92F583}
		{B89A26B4-0CCE-41A0-B144-7BFD06EDA3DE} = {19E863D1-D6F5-4BDF-A95F-ABAF2D92F583}
		{320C459D-7B4C-41B7-9292-6EA3F5B0BEEE} = {19E863D1-D6F5-4BDF-A95F-ABAF2D92F583}
		{E8DCC884-956E-4D47-A445-AA030B7C4EC2} = {19E863D1-D6F5-4BDF-A95F-ABAF2D92F583}
		{5E7DBA8A-C554-4530-9C5C-7FE27A77CF01} = {19E863D1-D6F5-4BDF-A95F-ABAF2D92F583}
	EndGlobalSection
	GlobalSection(ExtensibilityGlobals) = postSolution
		SolutionGuid = {03D1C273-EAE7-4D36-A239-2D6CD460FC90}
	EndGlobalSection
EndGlobal
